
Microsoft Visual Studio Solution File, Format Version 12.00
# Visual Studio Version 16
VisualStudioVersion = 16.0.30517.126
MinimumVisualStudioVersion = 10.0.40219.1
Project("{FAE04EC0-301F-11D3-BF4B-00C04F79EFBC}") = "AspNetCore", "AspNetCore\AspNetCore.csproj", "{6BA3C0DB-8766-4FC5-97CF-670AB2A5CB00}"
EndProject
Global
	GlobalSection(SolutionConfigurationPlatforms) = preSolution
		Debug|Any CPU = Debug|Any CPU
		Release|Any CPU = Release|Any CPU
	EndGlobalSection
	GlobalSection(ProjectConfigurationPlatforms) = postSolution
		{6BA3C0DB-8766-4FC5-97CF-670AB2A5CB00}.Debug|Any CPU.ActiveCfg = Debug|Any CPU
		{6BA3C0DB-8766-4FC5-97CF-670AB2A5CB00}.Debug|Any CPU.Build.0 = Debug|Any CPU
		{6BA3C0DB-8766-4FC5-97CF-670AB2A5CB00}.Release|Any CPU.ActiveCfg = Release|Any CPU
		{6BA3C0DB-8766-4FC5-97CF-670AB2A5CB00}.Release|Any CPU.Build.0 = Release|Any CPU
	EndGlobalSection
	GlobalSection(SolutionProperties) = preSolution
		HideSolutionNode = FALSE
	EndGlobalSection
	GlobalSection(ExtensibilityGlobals) = postSolution
		SolutionGuid = {96C6270B-F78A-4FBB-AFD8-0E8D4F14E504}
	EndGlobalSection
EndGlobal
